
Microsoft Visual Studio Solution File, Format Version 12.00
# Visual Studio Version 17
VisualStudioVersion = 17.4.33213.308
MinimumVisualStudioVersion = 10.0.40219.1
Project("{FAE04EC0-301F-11D3-BF4B-00C04F79EFBC}") = "ConsoleApp1", "ConsoleApp1\ConsoleApp1.csproj", "{894822EE-722E-4616-BD37-500DD0499FBE}"
EndProject
Project("{FAE04EC0-301F-11D3-BF4B-00C04F79EFBC}") = "ConsoleApp2", "ConsoleApp2\ConsoleApp2.csproj", "{20365857-0448-4C7C-8597-5651CAC63D0B}"
EndProject
Global
	GlobalSection(SolutionConfigurationPlatforms) = preSolution
		Debug|Any CPU = Debug|Any CPU
		Release|Any CPU = Release|Any CPU
	EndGlobalSection
	GlobalSection(ProjectConfigurationPlatforms) = postSolution
		{894822EE-722E-4616-BD37-500DD0499FBE}.Debug|Any CPU.ActiveCfg = Debug|Any CPU
		{894822EE-722E-4616-BD37-500DD0499FBE}.Debug|Any CPU.Build.0 = Debug|Any CPU
		{894822EE-722E-4616-BD37-500DD0499FBE}.Release|Any CPU.ActiveCfg = Release|Any CPU
		{894822EE-722E-4616-BD37-500DD0499FBE}.Release|Any CPU.Build.0 = Release|Any CPU
		{20365857-0448-4C7C-8597-5651CAC63D0B}.Debug|Any CPU.ActiveCfg = Debug|Any CPU
		{20365857-0448-4C7C-8597-5651CAC63D0B}.Debug|Any CPU.Build.0 = Debug|Any CPU
		{20365857-0448-4C7C-8597-5651CAC63D0B}.Release|Any CPU.ActiveCfg = Release|Any CPU
		{20365857-0448-4C7C-8597-5651CAC63D0B}.Release|Any CPU.Build.0 = Release|Any CPU
	EndGlobalSection
	GlobalSection(SolutionProperties) = preSolution
		HideSolutionNode = FALSE
	EndGlobalSection
	GlobalSection(ExtensibilityGlobals) = postSolution
		SolutionGuid = {469190EF-3CF2-4234-977F-13F84012D47F}
	EndGlobalSection
EndGlobal
